
Microsoft Visual Studio Solution File, Format Version 12.00
# Visual Studio Version 17
VisualStudioVersion = 17.1.32414.318
MinimumVisualStudioVersion = 10.0.40219.1
Project("{9A19103F-16F7-4668-BE54-9A1E7A4F7556}") = "TasksWebApp", "TasksWebApp\TasksWebApp.csproj", "{1EA6D73A-25CB-4BD1-B53B-E6322B1D87B0}"
EndProject
Project("{9A19103F-16F7-4668-BE54-9A1E7A4F7556}") = "TestServices", "TestServices\TestServices.csproj", "{DBBA875A-47D3-48B8-A88A-508F5AF1AFAD}"
EndProject
Project("{9A19103F-16F7-4668-BE54-9A1E7A4F7556}") = "TestOrder", "TestOrder\TestOrder.csproj", "{152DB3A8-C10C-4437-9C7E-CF10607C4DCA}"
EndProject
Project("{9A19103F-16F7-4668-BE54-9A1E7A4F7556}") = "TasksWebApi", "..\TasksWebApi\TasksWebApi.csproj", "{9CAB0D02-851B-4F3F-87F8-2295B360C2F7}"
EndProject
Project("{9A19103F-16F7-4668-BE54-9A1E7A4F7556}") = "TasksServices", "..\TasksShared\TasksServices\TasksServices.csproj", "{8E9F1D79-9B2E-47A8-9264-7159CD53F76D}"
EndProject
Project("{2150E333-8FDC-42A3-9474-1A3956D46DE8}") = "Shared", "Shared", "{F45514AE-B016-4517-8B50-26D678BD6457}"
EndProject
Project("{9A19103F-16F7-4668-BE54-9A1E7A4F7556}") = "CloudStorage", "..\TasksShared\CloudStorage\CloudStorage.csproj", "{0CB25B8F-703A-4717-BF3C-1987078EAB5B}"
EndProject
Project("{9A19103F-16F7-4668-BE54-9A1E7A4F7556}") = "TasksAppData", "..\TasksShared\TasksAppData\TasksAppData.csproj", "{F03808F9-B263-4AE1-A6F3-30DDDCCFB28C}"
EndProject
Global
	GlobalSection(SolutionConfigurationPlatforms) = preSolution
		Debug|Any CPU = Debug|Any CPU
		Release|Any CPU = Release|Any CPU
	EndGlobalSection
	GlobalSection(ProjectConfigurationPlatforms) = postSolution
		{1EA6D73A-25CB-4BD1-B53B-E6322B1D87B0}.Debug|Any CPU.ActiveCfg = Debug|Any CPU
		{1EA6D73A-25CB-4BD1-B53B-E6322B1D87B0}.Debug|Any CPU.Build.0 = Debug|Any CPU
		{1EA6D73A-25CB-4BD1-B53B-E6322B1D87B0}.Release|Any CPU.ActiveCfg = Release|Any CPU
		{1EA6D73A-25CB-4BD1-B53B-E6322B1D87B0}.Release|Any CPU.Build.0 = Release|Any CPU
		{DBBA875A-47D3-48B8-A88A-508F5AF1AFAD}.Debug|Any CPU.ActiveCfg = Debug|Any CPU
		{DBBA875A-47D3-48B8-A88A-508F5AF1AFAD}.Debug|Any CPU.Build.0 = Debug|Any CPU
		{DBBA875A-47D3-48B8-A88A-508F5AF1AFAD}.Release|Any CPU.ActiveCfg = Release|Any CPU
		{DBBA875A-47D3-48B8-A88A-508F5AF1AFAD}.Release|Any CPU.Build.0 = Release|Any CPU
		{152DB3A8-C10C-4437-9C7E-CF10607C4DCA}.Debug|Any CPU.ActiveCfg = Debug|Any CPU
		{152DB3A8-C10C-4437-9C7E-CF10607C4DCA}.Debug|Any CPU.Build.0 = Debug|Any CPU
		{152DB3A8-C10C-4437-9C7E-CF10607C4DCA}.Release|Any CPU.ActiveCfg = Release|Any CPU
		{152DB3A8-C10C-4437-9C7E-CF10607C4DCA}.Release|Any CPU.Build.0 = Release|Any CPU
		{9CAB0D02-851B-4F3F-87F8-2295B360C2F7}.Debug|Any CPU.ActiveCfg = Debug|Any CPU
		{9CAB0D02-851B-4F3F-87F8-2295B360C2F7}.Debug|Any CPU.Build.0 = Debug|Any CPU
		{9CAB0D02-851B-4F3F-87F8-2295B360C2F7}.Release|Any CPU.ActiveCfg = Release|Any CPU
		{9CAB0D02-851B-4F3F-87F8-2295B360C2F7}.Release|Any CPU.Build.0 = Release|Any CPU
		{8E9F1D79-9B2E-47A8-9264-7159CD53F76D}.Debug|Any CPU.ActiveCfg = Debug|Any CPU
		{8E9F1D79-9B2E-47A8-9264-7159CD53F76D}.Debug|Any CPU.Build.0 = Debug|Any CPU
		{8E9F1D79-9B2E-47A8-9264-7159CD53F76D}.Release|Any CPU.ActiveCfg = Release|Any CPU
		{8E9F1D79-9B2E-47A8-9264-7159CD53F76D}.Release|Any CPU.Build.0 = Release|Any CPU
		{0CB25B8F-703A-4717-BF3C-1987078EAB5B}.Debug|Any CPU.ActiveCfg = Debug|Any CPU
		{0CB25B8F-703A-4717-BF3C-1987078EAB5B}.Debug|Any CPU.Build.0 = Debug|Any CPU
		{0CB25B8F-703A-4717-BF3C-1987078EAB5B}.Release|Any CPU.ActiveCfg = Release|Any CPU
		{0CB25B8F-703A-4717-BF3C-1987078EAB5B}.Release|Any CPU.Build.0 = Release|Any CPU
		{F03808F9-B263-4AE1-A6F3-30DDDCCFB28C}.Debug|Any CPU.ActiveCfg = Debug|Any CPU
		{F03808F9-B263-4AE1-A6F3-30DDDCCFB28C}.Debug|Any CPU.Build.0 = Debug|Any CPU
		{F03808F9-B263-4AE1-A6F3-30DDDCCFB28C}.Release|Any CPU.ActiveCfg = Release|Any CPU
		{F03808F9-B263-4AE1-A6F3-30DDDCCFB28C}.Release|Any CPU.Build.0 = Release|Any CPU
	EndGlobalSection
	GlobalSection(SolutionProperties) = preSolution
		HideSolutionNode = FALSE
	EndGlobalSection
	GlobalSection(NestedProjects) = preSolution
		{8E9F1D79-9B2E-47A8-9264-7159CD53F76D} = {F45514AE-B016-4517-8B50-26D678BD6457}
		{0CB25B8F-703A-4717-BF3C-1987078EAB5B} = {F45514AE-B016-4517-8B50-26D678BD6457}
		{F03808F9-B263-4AE1-A6F3-30DDDCCFB28C} = {F45514AE-B016-4517-8B50-26D678BD6457}
	EndGlobalSection
	GlobalSection(ExtensibilityGlobals) = postSolution
		SolutionGuid = {F979E716-AA71-412F-812B-38EEA5CFE4CE}
	EndGlobalSection
EndGlobal
