
Microsoft Visual Studio Solution File, Format Version 12.00
# Visual Studio Version 16
VisualStudioVersion = 25.0.1703.0
MinimumVisualStudioVersion = 10.0.40219.1
Project("{FAE04EC0-301F-11D3-BF4B-00C04F79EFBC}") = "ElectronDemo", "ElectronDemo.csproj", "{3311F0F4-88E5-4BE6-9341-6D603FD962D3}"
EndProject
Global
	GlobalSection(SolutionConfigurationPlatforms) = preSolution
		Debug|Any CPU = Debug|Any CPU
		Release|Any CPU = Release|Any CPU
	EndGlobalSection
	GlobalSection(ProjectConfigurationPlatforms) = postSolution
		{3311F0F4-88E5-4BE6-9341-6D603FD962D3}.Debug|Any CPU.ActiveCfg = Debug|Any CPU
		{3311F0F4-88E5-4BE6-9341-6D603FD962D3}.Debug|Any CPU.Build.0 = Debug|Any CPU
		{3311F0F4-88E5-4BE6-9341-6D603FD962D3}.Release|Any CPU.ActiveCfg = Release|Any CPU
		{3311F0F4-88E5-4BE6-9341-6D603FD962D3}.Release|Any CPU.Build.0 = Release|Any CPU
	EndGlobalSection
	GlobalSection(SolutionProperties) = preSolution
		HideSolutionNode = FALSE
	EndGlobalSection
	GlobalSection(ExtensibilityGlobals) = postSolution
		SolutionGuid = {E8C58955-55CB-4DB2-9840-447DABFD61AA}
	EndGlobalSection
EndGlobal
